// !$*UTF8*$!
{
	archiveVersion = 1;
	classes = {
	};
	objectVersion = 46;
	objects = {

/* Begin PBXBuildFile section */
		E426BE6D1C24229500A5122F /* AppDelegate.swift in Sources */ = {isa = PBXBuildFile; fileRef = E426BE6C1C24229500A5122F /* AppDelegate.swift */; };
		E426BE6F1C24229500A5122F /* ViewController.swift in Sources */ = {isa = PBXBuildFile; fileRef = E426BE6E1C24229500A5122F /* ViewController.swift */; };
		E426BE721C24229500A5122F /* Main.storyboard in Resources */ = {isa = PBXBuildFile; fileRef = E426BE701C24229500A5122F /* Main.storyboard */; };
		E426BE741C24229500A5122F /* Assets.xcassets in Resources */ = {isa = PBXBuildFile; fileRef = E426BE731C24229500A5122F /* Assets.xcassets */; };
		E426BE771C24229500A5122F /* LaunchScreen.storyboard in Resources */ = {isa = PBXBuildFile; fileRef = E426BE751C24229500A5122F /* LaunchScreen.storyboard */; };
		E426BE821C24229500A5122F /* TouchIDTests.swift in Sources */ = {isa = PBXBuildFile; fileRef = E426BE811C24229500A5122F /* TouchIDTests.swift */; };
		E426BE8D1C24229500A5122F /* TouchIDUITests.swift in Sources */ = {isa = PBXBuildFile; fileRef = E426BE8C1C24229500A5122F /* TouchIDUITests.swift */; };
		E426BE9B1C2422A200A5122F /* LocalAuthentication.framework in Frameworks */ = {isa = PBXBuildFile; fileRef = E426BE9A1C2422A200A5122F /* LocalAuthentication.framework */; };
/* End PBXBuildFile section */

/* Begin PBXContainerItemProxy section */
		E426BE7E1C24229500A5122F /* PBXContainerItemProxy */ = {
			isa = PBXContainerItemProxy;
			containerPortal = E426BE611C24229500A5122F /* Project object */;
			proxyType = 1;
			remoteGlobalIDString = E426BE681C24229500A5122F;
			remoteInfo = TouchID;
		};
		E426BE891C24229500A5122F /* PBXContainerItemProxy */ = {
			isa = PBXContainerItemProxy;
			containerPortal = E426BE611C24229500A5122F /* Project object */;
			proxyType = 1;
			remoteGlobalIDString = E426BE681C24229500A5122F;
			remoteInfo = TouchID;
		};
/* End PBXContainerItemProxy section */

/* Begin PBXFileReference section */
		E426BE691C24229500A5122F /* TouchID.app */ = {isa = PBXFileReference; explicitFileType = wrapper.application; includeInIndex = 0; path = TouchID.app; sourceTree = BUILT_PRODUCTS_DIR; };
		E426BE6C1C24229500A5122F /* AppDelegate.swift */ = {isa = PBXFileReference; lastKnownFileType = sourcecode.swift; path = AppDelegate.swift; sourceTree = "<group>"; };
		E426BE6E1C24229500A5122F /* ViewController.swift */ = {isa = PBXFileReference; lastKnownFileType = sourcecode.swift; path = ViewController.swift; sourceTree = "<group>"; };
		E426BE711C24229500A5122F /* Base */ = {isa = PBXFileReference; lastKnownFileType = file.storyboard; name = Base; path = Base.lproj/Main.storyboard; sourceTree = "<group>"; };
		E426BE731C24229500A5122F /* Assets.xcassets */ = {isa = PBXFileReference; lastKnownFileType = folder.assetcatalog; path = Assets.xcassets; sourceTree = "<group>"; };
		E426BE761C24229500A5122F /* Base */ = {isa = PBXFileReference; lastKnownFileType = file.storyboard; name = Base; path = Base.lproj/LaunchScreen.storyboard; sourceTree = "<group>"; };
		E426BE781C24229500A5122F /* Info.plist */ = {isa = PBXFileReference; lastKnownFileType = text.plist.xml; path = Info.plist; sourceTree = "<group>"; };
		E426BE7D1C24229500A5122F /* TouchIDTests.xctest */ = {isa = PBXFileReference; explicitFileType = wrapper.cfbundle; includeInIndex = 0; path = TouchIDTests.xctest; sourceTree = BUILT_PRODUCTS_DIR; };
		E426BE811C24229500A5122F /* TouchIDTests.swift */ = {isa = PBXFileReference; lastKnownFileType = sourcecode.swift; path = TouchIDTests.swift; sourceTree = "<group>"; };
		E426BE831C24229500A5122F /* Info.plist */ = {isa = PBXFileReference; lastKnownFileType = text.plist.xml; path = Info.plist; sourceTree = "<group>"; };
		E426BE881C24229500A5122F /* TouchIDUITests.xctest */ = {isa = PBXFileReference; explicitFileType = wrapper.cfbundle; includeInIndex = 0; path = TouchIDUITests.xctest; sourceTree = BUILT_PRODUCTS_DIR; };
		E426BE8C1C24229500A5122F /* TouchIDUITests.swift */ = {isa = PBXFileReference; lastKnownFileType = sourcecode.swift; path = TouchIDUITests.swift; sourceTree = "<group>"; };
		E426BE8E1C24229500A5122F /* Info.plist */ = {isa = PBXFileReference; lastKnownFileType = text.plist.xml; path = Info.plist; sourceTree = "<group>"; };
		E426BE9A1C2422A200A5122F /* LocalAuthentication.framework */ = {isa = PBXFileReference; lastKnownFileType = wrapper.framework; name = LocalAuthentication.framework; path = System/Library/Frameworks/LocalAuthentication.framework; sourceTree = SDKROOT; };
/* End PBXFileReference section */

/* Begin PBXFrameworksBuildPhase section */
		E426BE661C24229500A5122F /* Frameworks */ = {
			isa = PBXFrameworksBuildPhase;
			buildActionMask = 2147483647;
			files = (
				E426BE9B1C2422A200A5122F /* LocalAuthentication.framework in Frameworks */,
			);
			runOnlyForDeploymentPostprocessing = 0;
		};
		E426BE7A1C24229500A5122F /* Frameworks */ = {
			isa = PBXFrameworksBuildPhase;
			buildActionMask = 2147483647;
			files = (
			);
			runOnlyForDeploymentPostprocessing = 0;
		};
		E426BE851C24229500A5122F /* Frameworks */ = {
			isa = PBXFrameworksBuildPhase;
			buildActionMask = 2147483647;
			files = (
			);
			runOnlyForDeploymentPostprocessing = 0;
		};
/* End PBXFrameworksBuildPhase section */

/* Begin PBXGroup section */
		E426BE601C24229500A5122F = {
			isa = PBXGroup;
			children = (
				E426BE9A1C2422A200A5122F /* LocalAuthentication.framework */,
				E426BE6B1C24229500A5122F /* TouchID */,
				E426BE801C24229500A5122F /* TouchIDTests */,
				E426BE8B1C24229500A5122F /* TouchIDUITests */,
				E426BE6A1C24229500A5122F /* Products */,
			);
			sourceTree = "<group>";
		};
		E426BE6A1C24229500A5122F /* Products */ = {
			isa = PBXGroup;
			children = (
				E426BE691C24229500A5122F /* TouchID.app */,
				E426BE7D1C24229500A5122F /* TouchIDTests.xctest */,
				E426BE881C24229500A5122F /* TouchIDUITests.xctest */,
			);
			name = Products;
			sourceTree = "<group>";
		};
		E426BE6B1C24229500A5122F /* TouchID */ = {
			isa = PBXGroup;
			children = (
				E426BE6C1C24229500A5122F /* AppDelegate.swift */,
				E426BE6E1C24229500A5122F /* ViewController.swift */,
				E426BE701C24229500A5122F /* Main.storyboard */,
				E426BE731C24229500A5122F /* Assets.xcassets */,
				E426BE751C24229500A5122F /* LaunchScreen.storyboard */,
				E426BE781C24229500A5122F /* Info.plist */,
			);
			path = TouchID;
			sourceTree = "<group>";
		};
		E426BE801C24229500A5122F /* TouchIDTests */ = {
			isa = PBXGroup;
			children = (
				E426BE811C24229500A5122F /* TouchIDTests.swift */,
				E426BE831C24229500A5122F /* Info.plist */,
			);
			path = TouchIDTests;
			sourceTree = "<group>";
		};
		E426BE8B1C24229500A5122F /* TouchIDUITests */ = {
			isa = PBXGroup;
			children = (
				E426BE8C1C24229500A5122F /* TouchIDUITests.swift */,
				E426BE8E1C24229500A5122F /* Info.plist */,
			);
			path = TouchIDUITests;
			sourceTree = "<group>";
		};
/* End PBXGroup section */

/* Begin PBXNativeTarget section */
		E426BE681C24229500A5122F /* TouchID */ = {
			isa = PBXNativeTarget;
			buildConfigurationList = E426BE911C24229500A5122F /* Build configuration list for PBXNativeTarget "TouchID" */;
			buildPhases = (
				E426BE651C24229500A5122F /* Sources */,
				E426BE661C24229500A5122F /* Frameworks */,
				E426BE671C24229500A5122F /* Resources */,
			);
			buildRules = (
			);
			dependencies = (
			);
			name = TouchID;
			productName = TouchID;
			productReference = E426BE691C24229500A5122F /* TouchID.app */;
			productType = "com.apple.product-type.application";
		};
		E426BE7C1C24229500A5122F /* TouchIDTests */ = {
			isa = PBXNativeTarget;
			buildConfigurationList = E426BE941C24229500A5122F /* Build configuration list for PBXNativeTarget "TouchIDTests" */;
			buildPhases = (
				E426BE791C24229500A5122F /* Sources */,
				E426BE7A1C24229500A5122F /* Frameworks */,
				E426BE7B1C24229500A5122F /* Resources */,
			);
			buildRules = (
			);
			dependencies = (
				E426BE7F1C24229500A5122F /* PBXTargetDependency */,
			);
			name = TouchIDTests;
			productName = TouchIDTests;
			productReference = E426BE7D1C24229500A5122F /* TouchIDTests.xctest */;
			productType = "com.apple.product-type.bundle.unit-test";
		};
		E426BE871C24229500A5122F /* TouchIDUITests */ = {
			isa = PBXNativeTarget;
			buildConfigurationList = E426BE971C24229500A5122F /* Build configuration list for PBXNativeTarget "TouchIDUITests" */;
			buildPhases = (
				E426BE841C24229500A5122F /* Sources */,
				E426BE851C24229500A5122F /* Frameworks */,
				E426BE861C24229500A5122F /* Resources */,
			);
			buildRules = (
			);
			dependencies = (
				E426BE8A1C24229500A5122F /* PBXTargetDependency */,
			);
			name = TouchIDUITests;
			productName = TouchIDUITests;
			productReference = E426BE881C24229500A5122F /* TouchIDUITests.xctest */;
			productType = "com.apple.product-type.bundle.ui-testing";
		};
/* End PBXNativeTarget section */

/* Begin PBXProject section */
		E426BE611C24229500A5122F /* Project object */ = {
			isa = PBXProject;
			attributes = {
				LastSwiftUpdateCheck = 0720;
				LastUpgradeCheck = 0720;
				ORGANIZATIONNAME = mstcode;
				TargetAttributes = {
					E426BE681C24229500A5122F = {
						CreatedOnToolsVersion = 7.2;
					};
					E426BE7C1C24229500A5122F = {
						CreatedOnToolsVersion = 7.2;
						TestTargetID = E426BE681C24229500A5122F;
					};
					E426BE871C24229500A5122F = {
						CreatedOnToolsVersion = 7.2;
						TestTargetID = E426BE681C24229500A5122F;
					};
				};
			};
			buildConfigurationList = E426BE641C24229500A5122F /* Build configuration list for PBXProject "TouchID" */;
			compatibilityVersion = "Xcode 3.2";
			developmentRegion = English;
			hasScannedForEncodings = 0;
			knownRegions = (
				en,
				Base,
			);
			mainGroup = E426BE601C24229500A5122F;
			productRefGroup = E426BE6A1C24229500A5122F /* Products */;
			projectDirPath = "";
			projectRoot = "";
			targets = (
				E426BE681C24229500A5122F /* TouchID */,
				E426BE7C1C24229500A5122F /* TouchIDTests */,
				E426BE871C24229500A5122F /* TouchIDUITests */,
			);
		};
/* End PBXProject section */

/* Begin PBXResourcesBuildPhase section */
		E426BE671C24229500A5122F /* Resources */ = {
			isa = PBXResourcesBuildPhase;
			buildActionMask = 2147483647;
			files = (
				E426BE771C24229500A5122F /* LaunchScreen.storyboard in Resources */,
				E426BE741C24229500A5122F /* Assets.xcassets in Resources */,
				E426BE721C24229500A5122F /* Main.storyboard in Resources */,
			);
			runOnlyForDeploymentPostprocessing = 0;
		};
		E426BE7B1C24229500A5122F /* Resources */ = {
			isa = PBXResourcesBuildPhase;
			buildActionMask = 2147483647;
			files = (
			);
			runOnlyForDeploymentPostprocessing = 0;
		};
		E426BE861C24229500A5122F /* Resources */ = {
			isa = PBXResourcesBuildPhase;
			buildActionMask = 2147483647;
			files = (
			);
			runOnlyForDeploymentPostprocessing = 0;
		};
/* End PBXResourcesBuildPhase section */

/* Begin PBXSourcesBuildPhase section */
		E426BE651C24229500A5122F /* Sources */ = {
			isa = PBXSourcesBuildPhase;
			buildActionMask = 2147483647;
			files = (
				E426BE6F1C24229500A5122F /* ViewController.swift in Sources */,
				E426BE6D1C24229500A5122F /* AppDelegate.swift in Sources */,
			);
			runOnlyForDeploymentPostprocessing = 0;
		};
		E426BE791C24229500A5122F /* Sources */ = {
			isa = PBXSourcesBuildPhase;
			buildActionMask = 2147483647;
			files = (
				E426BE821C24229500A5122F /* TouchIDTests.swift in Sources */,
			);
			runOnlyForDeploymentPostprocessing = 0;
		};
		E426BE841C24229500A5122F /* Sources */ = {
			isa = PBXSourcesBuildPhase;
			buildActionMask = 2147483647;
			files = (
				E426BE8D1C24229500A5122F /* TouchIDUITests.swift in Sources */,
			);
			runOnlyForDeploymentPostprocessing = 0;
		};
/* End PBXSourcesBuildPhase section */

/* Begin PBXTargetDependency section */
		E426BE7F1C24229500A5122F /* PBXTargetDependency */ = {
			isa = PBXTargetDependency;
			target = E426BE681C24229500A5122F /* TouchID */;
			targetProxy = E426BE7E1C24229500A5122F /* PBXContainerItemProxy */;
		};
		E426BE8A1C24229500A5122F /* PBXTargetDependency */ = {
			isa = PBXTargetDependency;
			target = E426BE681C24229500A5122F /* TouchID */;
			targetProxy = E426BE891C24229500A5122F /* PBXContainerItemProxy */;
		};
/* End PBXTargetDependency section */

/* Begin PBXVariantGroup section */
		E426BE701C24229500A5122F /* Main.storyboard */ = {
			isa = PBXVariantGroup;
			children = (
				E426BE711C24229500A5122F /* Base */,
			);
			name = Main.storyboard;
			sourceTree = "<group>";
		};
		E426BE751C24229500A5122F /* LaunchScreen.storyboard */ = {
			isa = PBXVariantGroup;
			children = (
				E426BE761C24229500A5122F /* Base */,
			);
			name = LaunchScreen.storyboard;
			sourceTree = "<group>";
		};
/* End PBXVariantGroup section */

/* Begin XCBuildConfiguration section */
		E426BE8F1C24229500A5122F /* Debug */ = {
			isa = XCBuildConfiguration;
			buildSettings = {
				ALWAYS_SEARCH_USER_PATHS = NO;
				CLANG_CXX_LANGUAGE_STANDARD = "gnu++0x";
				CLANG_CXX_LIBRARY = "libc++";
				CLANG_ENABLE_MODULES = YES;
				CLANG_ENABLE_OBJC_ARC = YES;
				CLANG_WARN_BOOL_CONVERSION = YES;
				CLANG_WARN_CONSTANT_CONVERSION = YES;
				CLANG_WARN_DIRECT_OBJC_ISA_USAGE = YES_ERROR;
				CLANG_WARN_EMPTY_BODY = YES;
				CLANG_WARN_ENUM_CONVERSION = YES;
				CLANG_WARN_INT_CONVERSION = YES;
				CLANG_WARN_OBJC_ROOT_CLASS = YES_ERROR;
				CLANG_WARN_UNREACHABLE_CODE = YES;
				CLANG_WARN__DUPLICATE_METHOD_MATCH = YES;
				"CODE_SIGN_IDENTITY[sdk=iphoneos*]" = "iPhone Developer";
				COPY_PHASE_STRIP = NO;
				DEBUG_INFORMATION_FORMAT = dwarf;
				ENABLE_STRICT_OBJC_MSGSEND = YES;
				ENABLE_TESTABILITY = YES;
				GCC_C_LANGUAGE_STANDARD = gnu99;
				GCC_DYNAMIC_NO_PIC = NO;
				GCC_NO_COMMON_BLOCKS = YES;
				GCC_OPTIMIZATION_LEVEL = 0;
				GCC_PREPROCESSOR_DEFINITIONS = (
					"DEBUG=1",
					"$(inherited)",
				);
				GCC_WARN_64_TO_32_BIT_CONVERSION = YES;
				GCC_WARN_ABOUT_RETURN_TYPE = YES_ERROR;
				GCC_WARN_UNDECLARED_SELECTOR = YES;
				GCC_WARN_UNINITIALIZED_AUTOS = YES_AGGRESSIVE;
				GCC_WARN_UNUSED_FUNCTION = YES;
				GCC_WARN_UNUSED_VARIABLE = YES;
				IPHONEOS_DEPLOYMENT_TARGET = 9.2;
				MTL_ENABLE_DEBUG_INFO = YES;
				ONLY_ACTIVE_ARCH = YES;
				SDKROOT = iphoneos;
				SWIFT_OPTIMIZATION_LEVEL = "-Onone";
				TARGETED_DEVICE_FAMILY = "1,2";
			};
			name = Debug;
		};
		E426BE901C24229500A5122F /* Release */ = {
			isa = XCBuildConfiguration;
			buildSettings = {
				ALWAYS_SEARCH_USER_PATHS = NO;
				CLANG_CXX_LANGUAGE_STANDARD = "gnu++0x";
				CLANG_CXX_LIBRARY = "libc++";
				CLANG_ENABLE_MODULES = YES;
				CLANG_ENABLE_OBJC_ARC = YES;
				CLANG_WARN_BOOL_CONVERSION = YES;
				CLANG_WARN_CONSTANT_CONVERSION = YES;
				CLANG_WARN_DIRECT_OBJC_ISA_USAGE = YES_ERROR;
				CLANG_WARN_EMPTY_BODY = YES;
				CLANG_WARN_ENUM_CONVERSION = YES;
				CLANG_WARN_INT_CONVERSION = YES;
				CLANG_WARN_OBJC_ROOT_CLASS = YES_ERROR;
				CLANG_WARN_UNREACHABLE_CODE = YES;
				CLANG_WARN__DUPLICATE_METHOD_MATCH = YES;
				"CODE_SIGN_IDENTITY[sdk=iphoneos*]" = "iPhone Developer";
				COPY_PHASE_STRIP = NO;
				DEBUG_INFORMATION_FORMAT = "dwarf-with-dsym";
				ENABLE_NS_ASSERTIONS = NO;
				ENABLE_STRICT_OBJC_MSGSEND = YES;
				GCC_C_LANGUAGE_STANDARD = gnu99;
				GCC_NO_COMMON_BLOCKS = YES;
				GCC_WARN_64_TO_32_BIT_CONVERSION = YES;
				GCC_WARN_ABOUT_RETURN_TYPE = YES_ERROR;
				GCC_WARN_UNDECLARED_SELECTOR = YES;
				GCC_WARN_UNINITIALIZED_AUTOS = YES_AGGRESSIVE;
				GCC_WARN_UNUSED_FUNCTION = YES;
				GCC_WARN_UNUSED_VARIABLE = YES;
				IPHONEOS_DEPLOYMENT_TARGET = 9.2;
				MTL_ENABLE_DEBUG_INFO = NO;
				SDKROOT = iphoneos;
				TARGETED_DEVICE_FAMILY = "1,2";
				VALIDATE_PRODUCT = YES;
			};
			name = Release;
		};
		E426BE921C24229500A5122F /* Debug */ = {
			isa = XCBuildConfiguration;
			buildSettings = {
				ASSETCATALOG_COMPILER_APPICON_NAME = AppIcon;
				INFOPLIST_FILE = TouchID/Info.plist;
				LD_RUNPATH_SEARCH_PATHS = "$(inherited) @executable_path/Frameworks";
				PRODUCT_BUNDLE_IDENTIFIER = com.mstcode.TouchID;
				PRODUCT_NAME = "$(TARGET_NAME)";
			};
			name = Debug;
		};
		E426BE931C24229500A5122F /* Release */ = {
			isa = XCBuildConfiguration;
			buildSettings = {
				ASSETCATALOG_COMPILER_APPICON_NAME = AppIcon;
				INFOPLIST_FILE = TouchID/Info.plist;
				LD_RUNPATH_SEARCH_PATHS = "$(inherited) @executable_path/Frameworks";
				PRODUCT_BUNDLE_IDENTIFIER = com.mstcode.TouchID;
				PRODUCT_NAME = "$(TARGET_NAME)";
			};
			name = Release;
		};
		E426BE951C24229500A5122F /* Debug */ = {
			isa = XCBuildConfiguration;
			buildSettings = {
				BUNDLE_LOADER = "$(TEST_HOST)";
				INFOPLIST_FILE = TouchIDTests/Info.plist;
				LD_RUNPATH_SEARCH_PATHS = "$(inherited) @executable_path/Frameworks @loader_path/Frameworks";
				PRODUCT_BUNDLE_IDENTIFIER = com.mstcode.TouchIDTests;
				PRODUCT_NAME = "$(TARGET_NAME)";
				TEST_HOST = "$(BUILT_PRODUCTS_DIR)/TouchID.app/TouchID";
			};
			name = Debug;
		};
		E426BE961C24229500A5122F /* Release */ = {
			isa = XCBuildConfiguration;
			buildSettings = {
				BUNDLE_LOADER = "$(TEST_HOST)";
				INFOPLIST_FILE = TouchIDTests/Info.plist;
				LD_RUNPATH_SEARCH_PATHS = "$(inherited) @executable_path/Frameworks @loader_path/Frameworks";
				PRODUCT_BUNDLE_IDENTIFIER = com.mstcode.TouchIDTests;
				PRODUCT_NAME = "$(TARGET_NAME)";
				TEST_HOST = "$(BUILT_PRODUCTS_DIR)/TouchID.app/TouchID";
			};
			name = Release;
		};
		E426BE981C24229500A5122F /* Debug */ = {
			isa = XCBuildConfiguration;
			buildSettings = {
				INFOPLIST_FILE = TouchIDUITests/Info.plist;
				LD_RUNPATH_SEARCH_PATHS = "$(inherited) @executable_path/Frameworks @loader_path/Frameworks";
				PRODUCT_BUNDLE_IDENTIFIER = com.mstcode.TouchIDUITests;
				PRODUCT_NAME = "$(TARGET_NAME)";
				TEST_TARGET_NAME = TouchID;
				USES_XCTRUNNER = YES;
			};
			name = Debug;
		};
		E426BE991C24229500A5122F /* Release */ = {
			isa = XCBuildConfiguration;
			buildSettings = {
				INFOPLIST_FILE = TouchIDUITests/Info.plist;
				LD_RUNPATH_SEARCH_PATHS = "$(inherited) @executable_path/Frameworks @loader_path/Frameworks";
				PRODUCT_BUNDLE_IDENTIFIER = com.mstcode.TouchIDUITests;
				PRODUCT_NAME = "$(TARGET_NAME)";
				TEST_TARGET_NAME = TouchID;
				USES_XCTRUNNER = YES;
			};
			name = Release;
		};
/* End XCBuildConfiguration section */

/* Begin XCConfigurationList section */
		E426BE641C24229500A5122F /* Build configuration list for PBXProject "TouchID" */ = {
			isa = XCConfigurationList;
			buildConfigurations = (
				E426BE8F1C24229500A5122F /* Debug */,
				E426BE901C24229500A5122F /* Release */,
			);
			defaultConfigurationIsVisible = 0;
			defaultConfigurationName = Release;
		};
		E426BE911C24229500A5122F /* Build configuration list for PBXNativeTarget "TouchID" */ = {
			isa = XCConfigurationList;
			buildConfigurations = (
				E426BE921C24229500A5122F /* Debug */,
				E426BE931C24229500A5122F /* Release */,
			);
			defaultConfigurationIsVisible = 0;
		};
		E426BE941C24229500A5122F /* Build configuration list for PBXNativeTarget "TouchIDTests" */ = {
			isa = XCConfigurationList;
			buildConfigurations = (
				E426BE951C24229500A5122F /* Debug */,
				E426BE961C24229500A5122F /* Release */,
			);
			defaultConfigurationIsVisible = 0;
		};
		E426BE971C24229500A5122F /* Build configuration list for PBXNativeTarget "TouchIDUITests" */ = {
			isa = XCConfigurationList;
			buildConfigurations = (
				E426BE981C24229500A5122F /* Debug */,
				E426BE991C24229500A5122F /* Release */,
			);
			defaultConfigurationIsVisible = 0;
		};
/* End XCConfigurationList section */
	};
	rootObject = E426BE611C24229500A5122F /* Project object */;
}
